
Microsoft Visual Studio Solution File, Format Version 12.00
# Visual Studio Version 17
VisualStudioVersion = 17.3.32922.545
MinimumVisualStudioVersion = 10.0.40219.1
Project("{FAE04EC0-301F-11D3-BF4B-00C04F79EFBC}") = "BelajarRESTApi", "BelajarRESTApi\BelajarRESTApi.csproj", "{0C655A04-414E-4120-83E9-7933AF547A7E}"
EndProject
Project("{FAE04EC0-301F-11D3-BF4B-00C04F79EFBC}") = "BelajarRESTApi.Database", "BelajarRESTApi.Database\BelajarRESTApi.Database.csproj", "{F164EAF9-A067-4F94-920E-C1DD8C56BE28}"
EndProject
Project("{FAE04EC0-301F-11D3-BF4B-00C04F79EFBC}") = "BelajarRESTApi.Application", "BelajarRESTApi.Application\BelajarRESTApi.Application.csproj", "{2CF24955-A868-4FAA-B1AC-0ED2A551080F}"
EndProject
Global
	GlobalSection(SolutionConfigurationPlatforms) = preSolution
		Debug|Any CPU = Debug|Any CPU
		Release|Any CPU = Release|Any CPU
	EndGlobalSection
	GlobalSection(ProjectConfigurationPlatforms) = postSolution
		{0C655A04-414E-4120-83E9-7933AF547A7E}.Debug|Any CPU.ActiveCfg = Debug|Any CPU
		{0C655A04-414E-4120-83E9-7933AF547A7E}.Debug|Any CPU.Build.0 = Debug|Any CPU
		{0C655A04-414E-4120-83E9-7933AF547A7E}.Release|Any CPU.ActiveCfg = Release|Any CPU
		{0C655A04-414E-4120-83E9-7933AF547A7E}.Release|Any CPU.Build.0 = Release|Any CPU
		{F164EAF9-A067-4F94-920E-C1DD8C56BE28}.Debug|Any CPU.ActiveCfg = Debug|Any CPU
		{F164EAF9-A067-4F94-920E-C1DD8C56BE28}.Debug|Any CPU.Build.0 = Debug|Any CPU
		{F164EAF9-A067-4F94-920E-C1DD8C56BE28}.Release|Any CPU.ActiveCfg = Release|Any CPU
		{F164EAF9-A067-4F94-920E-C1DD8C56BE28}.Release|Any CPU.Build.0 = Release|Any CPU
		{2CF24955-A868-4FAA-B1AC-0ED2A551080F}.Debug|Any CPU.ActiveCfg = Debug|Any CPU
		{2CF24955-A868-4FAA-B1AC-0ED2A551080F}.Debug|Any CPU.Build.0 = Debug|Any CPU
		{2CF24955-A868-4FAA-B1AC-0ED2A551080F}.Release|Any CPU.ActiveCfg = Release|Any CPU
		{2CF24955-A868-4FAA-B1AC-0ED2A551080F}.Release|Any CPU.Build.0 = Release|Any CPU
	EndGlobalSection
	GlobalSection(SolutionProperties) = preSolution
		HideSolutionNode = FALSE
	EndGlobalSection
	GlobalSection(ExtensibilityGlobals) = postSolution
		SolutionGuid = {CFBF3868-4D52-43A6-A5B7-DBAED3E2AD48}
	EndGlobalSection
EndGlobal
